
Microsoft Visual Studio Solution File, Format Version 12.00
# Visual Studio Version 16
VisualStudioVersion = 16.0.30114.105
MinimumVisualStudioVersion = 10.0.40219.1
Project("{FAE04EC0-301F-11D3-BF4B-00C04F79EFBC}") = "SealedPrac", "SealedPrac\SealedPrac.csproj", "{2267DA47-448E-44EC-964B-42E702D87F2B}"
EndProject
Global
	GlobalSection(SolutionConfigurationPlatforms) = preSolution
		Debug|Any CPU = Debug|Any CPU
		Release|Any CPU = Release|Any CPU
	EndGlobalSection
	GlobalSection(ProjectConfigurationPlatforms) = postSolution
		{2267DA47-448E-44EC-964B-42E702D87F2B}.Debug|Any CPU.ActiveCfg = Debug|Any CPU
		{2267DA47-448E-44EC-964B-42E702D87F2B}.Debug|Any CPU.Build.0 = Debug|Any CPU
		{2267DA47-448E-44EC-964B-42E702D87F2B}.Release|Any CPU.ActiveCfg = Release|Any CPU
		{2267DA47-448E-44EC-964B-42E702D87F2B}.Release|Any CPU.Build.0 = Release|Any CPU
	EndGlobalSection
	GlobalSection(SolutionProperties) = preSolution
		HideSolutionNode = FALSE
	EndGlobalSection
	GlobalSection(ExtensibilityGlobals) = postSolution
		SolutionGuid = {CC29A927-C7A0-4271-BAF2-2B64EC1BAC92}
	EndGlobalSection
EndGlobal
